
Microsoft Visual Studio Solution File, Format Version 12.00
# Visual Studio Version 17
VisualStudioVersion = 17.5.33627.172
MinimumVisualStudioVersion = 10.0.40219.1
Project("{9A19103F-16F7-4668-BE54-9A1E7A4F7556}") = "ExtendingStringMethods", "ExtendingStringMethods\ExtendingStringMethods.csproj", "{C3995840-7F9F-4261-B530-6C39F070ABEE}"
EndProject
Project("{FAE04EC0-301F-11D3-BF4B-00C04F79EFBC}") = "ExtendingStringTests", "ExtendingStringTests\ExtendingStringTests.csproj", "{0247E6ED-CD3F-41EF-9712-BEF8A4BF9BDA}"
EndProject
Global
	GlobalSection(SolutionConfigurationPlatforms) = preSolution
		Debug|Any CPU = Debug|Any CPU
		Release|Any CPU = Release|Any CPU
	EndGlobalSection
	GlobalSection(ProjectConfigurationPlatforms) = postSolution
		{C3995840-7F9F-4261-B530-6C39F070ABEE}.Debug|Any CPU.ActiveCfg = Debug|Any CPU
		{C3995840-7F9F-4261-B530-6C39F070ABEE}.Debug|Any CPU.Build.0 = Debug|Any CPU
		{C3995840-7F9F-4261-B530-6C39F070ABEE}.Release|Any CPU.ActiveCfg = Release|Any CPU
		{C3995840-7F9F-4261-B530-6C39F070ABEE}.Release|Any CPU.Build.0 = Release|Any CPU
		{0247E6ED-CD3F-41EF-9712-BEF8A4BF9BDA}.Debug|Any CPU.ActiveCfg = Debug|Any CPU
		{0247E6ED-CD3F-41EF-9712-BEF8A4BF9BDA}.Debug|Any CPU.Build.0 = Debug|Any CPU
		{0247E6ED-CD3F-41EF-9712-BEF8A4BF9BDA}.Release|Any CPU.ActiveCfg = Release|Any CPU
		{0247E6ED-CD3F-41EF-9712-BEF8A4BF9BDA}.Release|Any CPU.Build.0 = Release|Any CPU
	EndGlobalSection
	GlobalSection(SolutionProperties) = preSolution
		HideSolutionNode = FALSE
	EndGlobalSection
	GlobalSection(ExtensibilityGlobals) = postSolution
		SolutionGuid = {28E99F6E-4946-4CD0-ACA9-0D518F5E63D1}
	EndGlobalSection
EndGlobal
